
Microsoft Visual Studio Solution File, Format Version 12.00
# Visual Studio 15
VisualStudioVersion = 15.0.27703.2042
MinimumVisualStudioVersion = 10.0.40219.1
Project("{FAE04EC0-301F-11D3-BF4B-00C04F79EFBC}") = "homework9", "homework9\homework9.csproj", "{795C5B71-985B-4E02-B06E-B2BC6BA9CD3A}"
EndProject
Global
	GlobalSection(SolutionConfigurationPlatforms) = preSolution
		Debug|Any CPU = Debug|Any CPU
		Release|Any CPU = Release|Any CPU
	EndGlobalSection
	GlobalSection(ProjectConfigurationPlatforms) = postSolution
		{795C5B71-985B-4E02-B06E-B2BC6BA9CD3A}.Debug|Any CPU.ActiveCfg = Debug|Any CPU
		{795C5B71-985B-4E02-B06E-B2BC6BA9CD3A}.Debug|Any CPU.Build.0 = Debug|Any CPU
		{795C5B71-985B-4E02-B06E-B2BC6BA9CD3A}.Release|Any CPU.ActiveCfg = Release|Any CPU
		{795C5B71-985B-4E02-B06E-B2BC6BA9CD3A}.Release|Any CPU.Build.0 = Release|Any CPU
	EndGlobalSection
	GlobalSection(SolutionProperties) = preSolution
		HideSolutionNode = FALSE
	EndGlobalSection
	GlobalSection(ExtensibilityGlobals) = postSolution
		SolutionGuid = {7F65E2BB-AB6E-4393-91D1-421E3C665B43}
	EndGlobalSection
EndGlobal
