
Microsoft Visual Studio Solution File, Format Version 12.00
# Visual Studio 15
VisualStudioVersion = 15.0.27703.2042
MinimumVisualStudioVersion = 10.0.40219.1
Project("{FAE04EC0-301F-11D3-BF4B-00C04F79EFBC}") = "homework1", "homework1\homework1.csproj", "{13F76254-C947-4C7C-88F9-BFBADAA0B037}"
EndProject
Project("{FAE04EC0-301F-11D3-BF4B-00C04F79EFBC}") = "WindowsFormsApp1", "WindowsFormsApp1\WindowsFormsApp1.csproj", "{5DCD121C-B292-409B-8D24-CA5DE0040277}"
EndProject
Global
	GlobalSection(SolutionConfigurationPlatforms) = preSolution
		Debug|Any CPU = Debug|Any CPU
		Release|Any CPU = Release|Any CPU
	EndGlobalSection
	GlobalSection(ProjectConfigurationPlatforms) = postSolution
		{13F76254-C947-4C7C-88F9-BFBADAA0B037}.Debug|Any CPU.ActiveCfg = Debug|Any CPU
		{13F76254-C947-4C7C-88F9-BFBADAA0B037}.Debug|Any CPU.Build.0 = Debug|Any CPU
		{13F76254-C947-4C7C-88F9-BFBADAA0B037}.Release|Any CPU.ActiveCfg = Release|Any CPU
		{13F76254-C947-4C7C-88F9-BFBADAA0B037}.Release|Any CPU.Build.0 = Release|Any CPU
		{5DCD121C-B292-409B-8D24-CA5DE0040277}.Debug|Any CPU.ActiveCfg = Debug|Any CPU
		{5DCD121C-B292-409B-8D24-CA5DE0040277}.Debug|Any CPU.Build.0 = Debug|Any CPU
		{5DCD121C-B292-409B-8D24-CA5DE0040277}.Release|Any CPU.ActiveCfg = Release|Any CPU
		{5DCD121C-B292-409B-8D24-CA5DE0040277}.Release|Any CPU.Build.0 = Release|Any CPU
	EndGlobalSection
	GlobalSection(SolutionProperties) = preSolution
		HideSolutionNode = FALSE
	EndGlobalSection
	GlobalSection(ExtensibilityGlobals) = postSolution
		SolutionGuid = {15B585F7-894B-4B6D-8E09-575DB99FE4EB}
	EndGlobalSection
EndGlobal
