
Microsoft Visual Studio Solution File, Format Version 12.00
# Visual Studio 15
VisualStudioVersion = 15.0.27703.2042
MinimumVisualStudioVersion = 10.0.40219.1
Project("{FAE04EC0-301F-11D3-BF4B-00C04F79EFBC}") = "homework2", "homework2\homework2.csproj", "{C780172D-97FF-4004-BECE-9BEF67D79CCB}"
EndProject
Global
	GlobalSection(SolutionConfigurationPlatforms) = preSolution
		Debug|Any CPU = Debug|Any CPU
		Release|Any CPU = Release|Any CPU
	EndGlobalSection
	GlobalSection(ProjectConfigurationPlatforms) = postSolution
		{C780172D-97FF-4004-BECE-9BEF67D79CCB}.Debug|Any CPU.ActiveCfg = Debug|Any CPU
		{C780172D-97FF-4004-BECE-9BEF67D79CCB}.Debug|Any CPU.Build.0 = Debug|Any CPU
		{C780172D-97FF-4004-BECE-9BEF67D79CCB}.Release|Any CPU.ActiveCfg = Release|Any CPU
		{C780172D-97FF-4004-BECE-9BEF67D79CCB}.Release|Any CPU.Build.0 = Release|Any CPU
	EndGlobalSection
	GlobalSection(SolutionProperties) = preSolution
		HideSolutionNode = FALSE
	EndGlobalSection
	GlobalSection(ExtensibilityGlobals) = postSolution
		SolutionGuid = {900B927C-BC60-4554-AB68-93D87C0D88D2}
	EndGlobalSection
EndGlobal
