
Microsoft Visual Studio Solution File, Format Version 12.00
# Visual Studio 15
VisualStudioVersion = 15.0.27703.2042
MinimumVisualStudioVersion = 10.0.40219.1
Project("{FAE04EC0-301F-11D3-BF4B-00C04F79EFBC}") = "CompetitonSystem", "CompetitonSystem\CompetitonSystem.csproj", "{14B011A8-EAEB-4DEC-B3B2-327694A2BF1A}"
EndProject
Global
	GlobalSection(SolutionConfigurationPlatforms) = preSolution
		Debug|Any CPU = Debug|Any CPU
		Release|Any CPU = Release|Any CPU
	EndGlobalSection
	GlobalSection(ProjectConfigurationPlatforms) = postSolution
		{14B011A8-EAEB-4DEC-B3B2-327694A2BF1A}.Debug|Any CPU.ActiveCfg = Debug|Any CPU
		{14B011A8-EAEB-4DEC-B3B2-327694A2BF1A}.Debug|Any CPU.Build.0 = Debug|Any CPU
		{14B011A8-EAEB-4DEC-B3B2-327694A2BF1A}.Release|Any CPU.ActiveCfg = Release|Any CPU
		{14B011A8-EAEB-4DEC-B3B2-327694A2BF1A}.Release|Any CPU.Build.0 = Release|Any CPU
	EndGlobalSection
	GlobalSection(SolutionProperties) = preSolution
		HideSolutionNode = FALSE
	EndGlobalSection
	GlobalSection(ExtensibilityGlobals) = postSolution
		SolutionGuid = {72C6B003-92FD-417F-8B6F-14BA1458C3C3}
	EndGlobalSection
EndGlobal
